
Microsoft Visual Studio Solution File, Format Version 12.00
# Visual Studio 14
VisualStudioVersion = 14.0.25420.1
MinimumVisualStudioVersion = 10.0.40219.1
Project("{FAE04EC0-301F-11D3-BF4B-00C04F79EFBC}") = "KyGreenPet", "KyGreenPet\KyGreenPet.csproj", "{BE23A132-6B52-4CF9-8ED8-32673EB9B3B8}"
EndProject
Project("{FAE04EC0-301F-11D3-BF4B-00C04F79EFBC}") = "KyGreenPetServer", "KyGreenPetServer\KyGreenPetServer.csproj", "{DCD7C8BF-C164-4FA6-A362-F1B2239E3285}"
EndProject
Global
	GlobalSection(SolutionConfigurationPlatforms) = preSolution
		Debug|Any CPU = Debug|Any CPU
		Release|Any CPU = Release|Any CPU
	EndGlobalSection
	GlobalSection(ProjectConfigurationPlatforms) = postSolution
		{BE23A132-6B52-4CF9-8ED8-32673EB9B3B8}.Debug|Any CPU.ActiveCfg = Debug|Any CPU
		{BE23A132-6B52-4CF9-8ED8-32673EB9B3B8}.Debug|Any CPU.Build.0 = Debug|Any CPU
		{BE23A132-6B52-4CF9-8ED8-32673EB9B3B8}.Release|Any CPU.ActiveCfg = Release|Any CPU
		{BE23A132-6B52-4CF9-8ED8-32673EB9B3B8}.Release|Any CPU.Build.0 = Release|Any CPU
		{DCD7C8BF-C164-4FA6-A362-F1B2239E3285}.Debug|Any CPU.ActiveCfg = Debug|Any CPU
		{DCD7C8BF-C164-4FA6-A362-F1B2239E3285}.Debug|Any CPU.Build.0 = Debug|Any CPU
		{DCD7C8BF-C164-4FA6-A362-F1B2239E3285}.Release|Any CPU.ActiveCfg = Release|Any CPU
		{DCD7C8BF-C164-4FA6-A362-F1B2239E3285}.Release|Any CPU.Build.0 = Release|Any CPU
	EndGlobalSection
	GlobalSection(SolutionProperties) = preSolution
		HideSolutionNode = FALSE
	EndGlobalSection
EndGlobal
